# THIS IS AN AUTOGENERATED FILE. DO NOT EDIT THIS FILE DIRECTLY.
# yarn lockfile v1


"@colyseus/schema@^1.0.25":
  version "1.0.46"
  resolved "https://registry.yarnpkg.com/@colyseus/schema/-/schema-1.0.46.tgz#1ba1e3088ff454a42eeec4bc330e508003990fac"
  integrity sha512-0cgirRomXDuDlppgJPXDLzsWw8/ZHwJEnndgzyX9hOCoFHJyFIyOYoKIV4eVPtKNQm6l6rGax1rE2LId4ujr4g==
