# THIS IS AN AUTOGENERATED FILE. DO NOT EDIT THIS FILE DIRECTLY.
# yarn lockfile v1


"@colyseus/schema@^1.0.25":
  version "1.0.25"
  resolved "https://registry.yarnpkg.com/@colyseus/schema/-/schema-1.0.25.tgz#bccc28f047c979ea1c39c56f8708e5eb476b4e99"
  integrity sha512-Obb4/Nh+uXJaLg57lFoe9wFL5vVkjZqoi7SlBPw4h9xzTdj9PTfh9t1s+ZRmnc15SknN8nrjrMArIJ77nyVCKQ==

"@types/lodash@^4.14.159":
  version "4.14.159"
  resolved "https://registry.yarnpkg.com/@types/lodash/-/lodash-4.14.159.tgz#61089719dc6fdd9c5cb46efc827f2571d1517065"
  integrity sha512-gF7A72f7WQN33DpqOWw9geApQPh4M3PxluMtaHxWHXEGSN12/WbcEk/eNSqWNQcQhF66VSZ06vCF94CrHwXJDg==

"@types/node@^14.0.27":
  version "14.0.27"
  resolved "https://registry.yarnpkg.com/@types/node/-/node-14.0.27.tgz#a151873af5a5e851b51b3b065c9e63390a9e0eb1"
  integrity sha512-kVrqXhbclHNHGu9ztnAwSncIgJv/FaxmzXJvGXNdcCpV1b8u1/Mi6z6m0vwy0LzKeXFTPLH0NzwmoJ3fNCIq0g==

lodash@^4.17.21:
  version "4.17.21"
  resolved "https://registry.yarnpkg.com/lodash/-/lodash-4.17.21.tgz#679591c564c3bffaae8454cf0b3df370c3d6911c"
  integrity sha512-v2kDEe57lecTulaDIuNTPy3Ry4gLGJ6Z1O3vE1krgXZNrsQ+LFTGHVxVjcXPs17LhbZVGedAJv8XZ1tvj5FvSg==
